github.com/go-sql-driver/mysql v1.6.0 h1:BCTh4TKNUYmOmMUcQ3IipzF5prigylS7XXjEkfCHuOE=
github.com/go-sql-driver/mysql v1.6.0/go.mod h1:DCzpHaOWr8IXmIStZouvnhqoel9Qv2LBy8hT2VhHyBg=
github.com/youthlin/stream v0.0.3 h1:GA/H0JihCAf/1nn99cfIzsYyow5PD611R/B3rRxFbp4=
github.com/youthlin/stream v0.0.3/go.mod h1:EC/10vMkg5vV7e35Xkoc8ju2u99LCyaWvpi55Et+Nnc=
